// !$*UTF8*$!
{
	archiveVersion = 1;
	classes = {
	};
	objectVersion = 56;
	objects = {

/* Begin PBXBuildFile section */
		D42B13ED29FC45480019737D /* AppDelegate.swift in Sources */ = {isa = PBXBuildFile; fileRef = D42B13EC29FC45480019737D /* AppDelegate.swift */; };
		D42B13EF29FC45480019737D /* SceneDelegate.swift in Sources */ = {isa = PBXBuildFile; fileRef = D42B13EE29FC45480019737D /* SceneDelegate.swift */; };
		D42B13F129FC45480019737D /* ImagesListViewController.swift in Sources */ = {isa = PBXBuildFile; fileRef = D42B13F029FC45480019737D /* ImagesListViewController.swift */; };
		D42B13F429FC45480019737D /* Main.storyboard in Resources */ = {isa = PBXBuildFile; fileRef = D42B13F229FC45480019737D /* Main.storyboard */; };
		D42B13F629FC454A0019737D /* Assets.xcassets in Resources */ = {isa = PBXBuildFile; fileRef = D42B13F529FC454A0019737D /* Assets.xcassets */; };
		D42B13F929FC454A0019737D /* LaunchScreen.storyboard in Resources */ = {isa = PBXBuildFile; fileRef = D42B13F729FC454A0019737D /* LaunchScreen.storyboard */; };
		D448B6FA2A5A106B00B6102B /* ProfileViewController.swift in Sources */ = {isa = PBXBuildFile; fileRef = D448B6F92A5A106B00B6102B /* ProfileViewController.swift */; };
		D44EBD572A5B601E00F1007C /* SingleImageViewController.swift in Sources */ = {isa = PBXBuildFile; fileRef = D44EBD562A5B601E00F1007C /* SingleImageViewController.swift */; };
		D492D1122A6557CA0070F768 /* Constants.swift in Sources */ = {isa = PBXBuildFile; fileRef = D492D1112A6557CA0070F768 /* Constants.swift */; };
		D492D1152A65F5460070F768 /* AuthViewController.swift in Sources */ = {isa = PBXBuildFile; fileRef = D492D1142A65F5460070F768 /* AuthViewController.swift */; };
		D492D1172A65F7430070F768 /* WebViewViewController.swift in Sources */ = {isa = PBXBuildFile; fileRef = D492D1162A65F7430070F768 /* WebViewViewController.swift */; };
		D497438C2AC35B5600C91318 /* UIBlockingProgressHUD.swift in Sources */ = {isa = PBXBuildFile; fileRef = D497438B2AC35B5600C91318 /* UIBlockingProgressHUD.swift */; };
		D497438F2AC486F500C91318 /* ProfileService.swift in Sources */ = {isa = PBXBuildFile; fileRef = D497438E2AC486F500C91318 /* ProfileService.swift */; };
		D49743922AD3337600C91318 /* ProfileImageService.swift in Sources */ = {isa = PBXBuildFile; fileRef = D49743912AD3337600C91318 /* ProfileImageService.swift */; };
		D49743942AD358F800C91318 /* ServiceExtension.swift in Sources */ = {isa = PBXBuildFile; fileRef = D49743932AD358F800C91318 /* ServiceExtension.swift */; };
		D4A6067F2A3FB77C00BB4537 /* ImagesListCell.swift in Sources */ = {isa = PBXBuildFile; fileRef = D4A6067E2A3FB77C00BB4537 /* ImagesListCell.swift */; };
		D4D63C452A689EE200A416F8 /* OAuth2Service.swift in Sources */ = {isa = PBXBuildFile; fileRef = D4D63C442A689EE200A416F8 /* OAuth2Service.swift */; };
		D4D63C472A689F4700A416F8 /* OAuth2TokenStorage.swift in Sources */ = {isa = PBXBuildFile; fileRef = D4D63C462A689F4700A416F8 /* OAuth2TokenStorage.swift */; };
		D4DEB1312AB7B45B00603596 /* ProgressHUD in Frameworks */ = {isa = PBXBuildFile; productRef = D4DEB1302AB7B45B00603596 /* ProgressHUD */; };
		D4EB97E42AD727FA00F91D39 /* Kingfisher in Frameworks */ = {isa = PBXBuildFile; productRef = D4EB97E32AD727FA00F91D39 /* Kingfisher */; };
		D4EB97E72ADC494300F91D39 /* SwiftKeychainWrapper in Frameworks */ = {isa = PBXBuildFile; productRef = D4EB97E62ADC494300F91D39 /* SwiftKeychainWrapper */; };
		D4EB97E92ADC4C8D00F91D39 /* TabBarController.swift in Sources */ = {isa = PBXBuildFile; fileRef = D4EB97E82ADC4C8D00F91D39 /* TabBarController.swift */; };
		D4EB97EB2ADC59D800F91D39 /* SplashViewController.swift in Sources */ = {isa = PBXBuildFile; fileRef = D4EB97EA2ADC59D800F91D39 /* SplashViewController.swift */; };
		D4F137DC2A620F060050FF2D /* UIColor+Extensions.swift in Sources */ = {isa = PBXBuildFile; fileRef = D4F137DB2A620F060050FF2D /* UIColor+Extensions.swift */; };
/* End PBXBuildFile section */

/* Begin PBXFileReference section */
		D42B13E929FC45480019737D /* ImageFeedApp.app */ = {isa = PBXFileReference; explicitFileType = wrapper.application; includeInIndex = 0; path = ImageFeedApp.app; sourceTree = BUILT_PRODUCTS_DIR; };
		D42B13EC29FC45480019737D /* AppDelegate.swift */ = {isa = PBXFileReference; lastKnownFileType = sourcecode.swift; path = AppDelegate.swift; sourceTree = "<group>"; };
		D42B13EE29FC45480019737D /* SceneDelegate.swift */ = {isa = PBXFileReference; lastKnownFileType = sourcecode.swift; path = SceneDelegate.swift; sourceTree = "<group>"; };
		D42B13F029FC45480019737D /* ImagesListViewController.swift */ = {isa = PBXFileReference; lastKnownFileType = sourcecode.swift; path = ImagesListViewController.swift; sourceTree = "<group>"; };
		D42B13F329FC45480019737D /* Base */ = {isa = PBXFileReference; lastKnownFileType = file.storyboard; name = Base; path = Base.lproj/Main.storyboard; sourceTree = "<group>"; };
		D42B13F529FC454A0019737D /* Assets.xcassets */ = {isa = PBXFileReference; lastKnownFileType = folder.assetcatalog; path = Assets.xcassets; sourceTree = "<group>"; };
		D42B13F829FC454A0019737D /* Base */ = {isa = PBXFileReference; lastKnownFileType = file.storyboard; name = Base; path = Base.lproj/LaunchScreen.storyboard; sourceTree = "<group>"; };
		D42B13FA29FC454A0019737D /* Info.plist */ = {isa = PBXFileReference; lastKnownFileType = text.plist.xml; path = Info.plist; sourceTree = "<group>"; };
		D448B6F92A5A106B00B6102B /* ProfileViewController.swift */ = {isa = PBXFileReference; lastKnownFileType = sourcecode.swift; path = ProfileViewController.swift; sourceTree = "<group>"; };
		D44EBD562A5B601E00F1007C /* SingleImageViewController.swift */ = {isa = PBXFileReference; lastKnownFileType = sourcecode.swift; path = SingleImageViewController.swift; sourceTree = "<group>"; };
		D492D1112A6557CA0070F768 /* Constants.swift */ = {isa = PBXFileReference; lastKnownFileType = sourcecode.swift; path = Constants.swift; sourceTree = "<group>"; };
		D492D1142A65F5460070F768 /* AuthViewController.swift */ = {isa = PBXFileReference; lastKnownFileType = sourcecode.swift; path = AuthViewController.swift; sourceTree = "<group>"; };
		D492D1162A65F7430070F768 /* WebViewViewController.swift */ = {isa = PBXFileReference; lastKnownFileType = sourcecode.swift; path = WebViewViewController.swift; sourceTree = "<group>"; };
		D497438B2AC35B5600C91318 /* UIBlockingProgressHUD.swift */ = {isa = PBXFileReference; lastKnownFileType = sourcecode.swift; path = UIBlockingProgressHUD.swift; sourceTree = "<group>"; };
		D497438E2AC486F500C91318 /* ProfileService.swift */ = {isa = PBXFileReference; lastKnownFileType = sourcecode.swift; path = ProfileService.swift; sourceTree = "<group>"; };
		D49743912AD3337600C91318 /* ProfileImageService.swift */ = {isa = PBXFileReference; lastKnownFileType = sourcecode.swift; path = ProfileImageService.swift; sourceTree = "<group>"; };
		D49743932AD358F800C91318 /* ServiceExtension.swift */ = {isa = PBXFileReference; lastKnownFileType = sourcecode.swift; path = ServiceExtension.swift; sourceTree = "<group>"; };
		D4A6067E2A3FB77C00BB4537 /* ImagesListCell.swift */ = {isa = PBXFileReference; lastKnownFileType = sourcecode.swift; path = ImagesListCell.swift; sourceTree = "<group>"; };
		D4D63C442A689EE200A416F8 /* OAuth2Service.swift */ = {isa = PBXFileReference; lastKnownFileType = sourcecode.swift; path = OAuth2Service.swift; sourceTree = "<group>"; };
		D4D63C462A689F4700A416F8 /* OAuth2TokenStorage.swift */ = {isa = PBXFileReference; lastKnownFileType = sourcecode.swift; path = OAuth2TokenStorage.swift; sourceTree = "<group>"; };
		D4EB97E82ADC4C8D00F91D39 /* TabBarController.swift */ = {isa = PBXFileReference; lastKnownFileType = sourcecode.swift; path = TabBarController.swift; sourceTree = "<group>"; };
		D4EB97EA2ADC59D800F91D39 /* SplashViewController.swift */ = {isa = PBXFileReference; lastKnownFileType = sourcecode.swift; path = SplashViewController.swift; sourceTree = "<group>"; };
		D4F137DB2A620F060050FF2D /* UIColor+Extensions.swift */ = {isa = PBXFileReference; lastKnownFileType = sourcecode.swift; path = "UIColor+Extensions.swift"; sourceTree = "<group>"; };
/* End PBXFileReference section */

/* Begin PBXFrameworksBuildPhase section */
		D42B13E629FC45480019737D /* Frameworks */ = {
			isa = PBXFrameworksBuildPhase;
			buildActionMask = 2147483647;
			files = (
				D4EB97E42AD727FA00F91D39 /* Kingfisher in Frameworks */,
				D4DEB1312AB7B45B00603596 /* ProgressHUD in Frameworks */,
				D4EB97E72ADC494300F91D39 /* SwiftKeychainWrapper in Frameworks */,
			);
			runOnlyForDeploymentPostprocessing = 0;
		};
/* End PBXFrameworksBuildPhase section */

/* Begin PBXGroup section */
		D42B13E029FC45480019737D = {
			isa = PBXGroup;
			children = (
				D42B13EB29FC45480019737D /* ImageFeedApp */,
				D42B13EA29FC45480019737D /* Products */,
			);
			sourceTree = "<group>";
		};
		D42B13EA29FC45480019737D /* Products */ = {
			isa = PBXGroup;
			children = (
				D42B13E929FC45480019737D /* ImageFeedApp.app */,
			);
			name = Products;
			sourceTree = "<group>";
		};
		D42B13EB29FC45480019737D /* ImageFeedApp */ = {
			isa = PBXGroup;
			children = (
				D49743902AD3336100C91318 /* ProfileImageService */,
				D497438D2AC486D300C91318 /* ProfileService */,
				D4D63C432A689EC800A416F8 /* AuthService */,
				D492D1132A65F52B0070F768 /* Auth */,
				D4F137DA2A620EEE0050FF2D /* Helpers */,
				D44EBD552A5B600E00F1007C /* SingleImage */,
				D448B6F82A5A105300B6102B /* Profile */,
				D4A606802A3FB7C200BB4537 /* ImagesList */,
				D42B13EC29FC45480019737D /* AppDelegate.swift */,
				D42B13EE29FC45480019737D /* SceneDelegate.swift */,
				D42B13F229FC45480019737D /* Main.storyboard */,
				D42B13F529FC454A0019737D /* Assets.xcassets */,
				D42B13F729FC454A0019737D /* LaunchScreen.storyboard */,
				D42B13FA29FC454A0019737D /* Info.plist */,
				D492D1112A6557CA0070F768 /* Constants.swift */,
				D497438B2AC35B5600C91318 /* UIBlockingProgressHUD.swift */,
				D49743932AD358F800C91318 /* ServiceExtension.swift */,
				D4EB97E82ADC4C8D00F91D39 /* TabBarController.swift */,
				D4EB97EA2ADC59D800F91D39 /* SplashViewController.swift */,
			);
			path = ImageFeedApp;
			sourceTree = "<group>";
		};
		D448B6F82A5A105300B6102B /* Profile */ = {
			isa = PBXGroup;
			children = (
				D448B6F92A5A106B00B6102B /* ProfileViewController.swift */,
			);
			path = Profile;
			sourceTree = "<group>";
		};
		D44EBD552A5B600E00F1007C /* SingleImage */ = {
			isa = PBXGroup;
			children = (
				D44EBD562A5B601E00F1007C /* SingleImageViewController.swift */,
			);
			path = SingleImage;
			sourceTree = "<group>";
		};
		D492D1132A65F52B0070F768 /* Auth */ = {
			isa = PBXGroup;
			children = (
				D492D1142A65F5460070F768 /* AuthViewController.swift */,
				D492D1162A65F7430070F768 /* WebViewViewController.swift */,
			);
			path = Auth;
			sourceTree = "<group>";
		};
		D497438D2AC486D300C91318 /* ProfileService */ = {
			isa = PBXGroup;
			children = (
				D497438E2AC486F500C91318 /* ProfileService.swift */,
			);
			path = ProfileService;
			sourceTree = "<group>";
		};
		D49743902AD3336100C91318 /* ProfileImageService */ = {
			isa = PBXGroup;
			children = (
				D49743912AD3337600C91318 /* ProfileImageService.swift */,
			);
			path = ProfileImageService;
			sourceTree = "<group>";
		};
		D4A606802A3FB7C200BB4537 /* ImagesList */ = {
			isa = PBXGroup;
			children = (
				D42B13F029FC45480019737D /* ImagesListViewController.swift */,
				D4A6067E2A3FB77C00BB4537 /* ImagesListCell.swift */,
			);
			path = ImagesList;
			sourceTree = "<group>";
		};
		D4D63C432A689EC800A416F8 /* AuthService */ = {
			isa = PBXGroup;
			children = (
				D4D63C442A689EE200A416F8 /* OAuth2Service.swift */,
				D4D63C462A689F4700A416F8 /* OAuth2TokenStorage.swift */,
			);
			path = AuthService;
			sourceTree = "<group>";
		};
		D4F137DA2A620EEE0050FF2D /* Helpers */ = {
			isa = PBXGroup;
			children = (
				D4F137DB2A620F060050FF2D /* UIColor+Extensions.swift */,
			);
			path = Helpers;
			sourceTree = "<group>";
		};
/* End PBXGroup section */

/* Begin PBXNativeTarget section */
		D42B13E829FC45480019737D /* ImageFeedApp */ = {
			isa = PBXNativeTarget;
			buildConfigurationList = D42B13FD29FC454A0019737D /* Build configuration list for PBXNativeTarget "ImageFeedApp" */;
			buildPhases = (
				D42B13E529FC45480019737D /* Sources */,
				D42B13E629FC45480019737D /* Frameworks */,
				D42B13E729FC45480019737D /* Resources */,
			);
			buildRules = (
			);
			dependencies = (
			);
			name = ImageFeedApp;
			packageProductDependencies = (
				D4DEB1302AB7B45B00603596 /* ProgressHUD */,
				D4EB97E32AD727FA00F91D39 /* Kingfisher */,
				D4EB97E62ADC494300F91D39 /* SwiftKeychainWrapper */,
			);
			productName = ImageFeedApp;
			productReference = D42B13E929FC45480019737D /* ImageFeedApp.app */;
			productType = "com.apple.product-type.application";
		};
/* End PBXNativeTarget section */

/* Begin PBXProject section */
		D42B13E129FC45480019737D /* Project object */ = {
			isa = PBXProject;
			attributes = {
				BuildIndependentTargetsInParallel = 1;
				LastSwiftUpdateCheck = 1420;
				LastUpgradeCheck = 1420;
				TargetAttributes = {
					D42B13E829FC45480019737D = {
						CreatedOnToolsVersion = 14.2;
					};
				};
			};
			buildConfigurationList = D42B13E429FC45480019737D /* Build configuration list for PBXProject "ImageFeedApp" */;
			compatibilityVersion = "Xcode 14.0";
			developmentRegion = en;
			hasScannedForEncodings = 0;
			knownRegions = (
				en,
				Base,
			);
			mainGroup = D42B13E029FC45480019737D;
			packageReferences = (
				D4DEB12F2AB7B45B00603596 /* XCRemoteSwiftPackageReference "ProgressHUD" */,
				D4EB97E22AD727FA00F91D39 /* XCRemoteSwiftPackageReference "Kingfisher" */,
				D4EB97E52ADC494300F91D39 /* XCRemoteSwiftPackageReference "SwiftKeychainWrapper" */,
			);
			productRefGroup = D42B13EA29FC45480019737D /* Products */;
			projectDirPath = "";
			projectRoot = "";
			targets = (
				D42B13E829FC45480019737D /* ImageFeedApp */,
			);
		};
/* End PBXProject section */

/* Begin PBXResourcesBuildPhase section */
		D42B13E729FC45480019737D /* Resources */ = {
			isa = PBXResourcesBuildPhase;
			buildActionMask = 2147483647;
			files = (
				D42B13F929FC454A0019737D /* LaunchScreen.storyboard in Resources */,
				D42B13F629FC454A0019737D /* Assets.xcassets in Resources */,
				D42B13F429FC45480019737D /* Main.storyboard in Resources */,
			);
			runOnlyForDeploymentPostprocessing = 0;
		};
/* End PBXResourcesBuildPhase section */

/* Begin PBXSourcesBuildPhase section */
		D42B13E529FC45480019737D /* Sources */ = {
			isa = PBXSourcesBuildPhase;
			buildActionMask = 2147483647;
			files = (
				D4D63C472A689F4700A416F8 /* OAuth2TokenStorage.swift in Sources */,
				D49743942AD358F800C91318 /* ServiceExtension.swift in Sources */,
				D492D1172A65F7430070F768 /* WebViewViewController.swift in Sources */,
				D4EB97E92ADC4C8D00F91D39 /* TabBarController.swift in Sources */,
				D42B13F129FC45480019737D /* ImagesListViewController.swift in Sources */,
				D4A6067F2A3FB77C00BB4537 /* ImagesListCell.swift in Sources */,
				D448B6FA2A5A106B00B6102B /* ProfileViewController.swift in Sources */,
				D4D63C452A689EE200A416F8 /* OAuth2Service.swift in Sources */,
				D42B13ED29FC45480019737D /* AppDelegate.swift in Sources */,
				D4F137DC2A620F060050FF2D /* UIColor+Extensions.swift in Sources */,
				D49743922AD3337600C91318 /* ProfileImageService.swift in Sources */,
				D44EBD572A5B601E00F1007C /* SingleImageViewController.swift in Sources */,
				D42B13EF29FC45480019737D /* SceneDelegate.swift in Sources */,
				D4EB97EB2ADC59D800F91D39 /* SplashViewController.swift in Sources */,
				D492D1152A65F5460070F768 /* AuthViewController.swift in Sources */,
				D492D1122A6557CA0070F768 /* Constants.swift in Sources */,
				D497438C2AC35B5600C91318 /* UIBlockingProgressHUD.swift in Sources */,
				D497438F2AC486F500C91318 /* ProfileService.swift in Sources */,
			);
			runOnlyForDeploymentPostprocessing = 0;
		};
/* End PBXSourcesBuildPhase section */

/* Begin PBXVariantGroup section */
		D42B13F229FC45480019737D /* Main.storyboard */ = {
			isa = PBXVariantGroup;
			children = (
				D42B13F329FC45480019737D /* Base */,
			);
			name = Main.storyboard;
			sourceTree = "<group>";
		};
		D42B13F729FC454A0019737D /* LaunchScreen.storyboard */ = {
			isa = PBXVariantGroup;
			children = (
				D42B13F829FC454A0019737D /* Base */,
			);
			name = LaunchScreen.storyboard;
			sourceTree = "<group>";
		};
/* End PBXVariantGroup section */

/* Begin XCBuildConfiguration section */
		D42B13FB29FC454A0019737D /* Debug */ = {
			isa = XCBuildConfiguration;
			buildSettings = {
				ALWAYS_SEARCH_USER_PATHS = NO;
				CLANG_ANALYZER_NONNULL = YES;
				CLANG_ANALYZER_NUMBER_OBJECT_CONVERSION = YES_AGGRESSIVE;
				CLANG_CXX_LANGUAGE_STANDARD = "gnu++20";
				CLANG_ENABLE_MODULES = YES;
				CLANG_ENABLE_OBJC_ARC = YES;
				CLANG_ENABLE_OBJC_WEAK = YES;
				CLANG_WARN_BLOCK_CAPTURE_AUTORELEASING = YES;
				CLANG_WARN_BOOL_CONVERSION = YES;
				CLANG_WARN_COMMA = YES;
				CLANG_WARN_CONSTANT_CONVERSION = YES;
				CLANG_WARN_DEPRECATED_OBJC_IMPLEMENTATIONS = YES;
				CLANG_WARN_DIRECT_OBJC_ISA_USAGE = YES_ERROR;
				CLANG_WARN_DOCUMENTATION_COMMENTS = YES;
				CLANG_WARN_EMPTY_BODY = YES;
				CLANG_WARN_ENUM_CONVERSION = YES;
				CLANG_WARN_INFINITE_RECURSION = YES;
				CLANG_WARN_INT_CONVERSION = YES;
				CLANG_WARN_NON_LITERAL_NULL_CONVERSION = YES;
				CLANG_WARN_OBJC_IMPLICIT_RETAIN_SELF = YES;
				CLANG_WARN_OBJC_LITERAL_CONVERSION = YES;
				CLANG_WARN_OBJC_ROOT_CLASS = YES_ERROR;
				CLANG_WARN_QUOTED_INCLUDE_IN_FRAMEWORK_HEADER = YES;
				CLANG_WARN_RANGE_LOOP_ANALYSIS = YES;
				CLANG_WARN_STRICT_PROTOTYPES = YES;
				CLANG_WARN_SUSPICIOUS_MOVE = YES;
				CLANG_WARN_UNGUARDED_AVAILABILITY = YES_AGGRESSIVE;
				CLANG_WARN_UNREACHABLE_CODE = YES;
				CLANG_WARN__DUPLICATE_METHOD_MATCH = YES;
				COPY_PHASE_STRIP = NO;
				DEBUG_INFORMATION_FORMAT = dwarf;
				ENABLE_STRICT_OBJC_MSGSEND = YES;
				ENABLE_TESTABILITY = YES;
				GCC_C_LANGUAGE_STANDARD = gnu11;
				GCC_DYNAMIC_NO_PIC = NO;
				GCC_NO_COMMON_BLOCKS = YES;
				GCC_OPTIMIZATION_LEVEL = 0;
				GCC_PREPROCESSOR_DEFINITIONS = (
					"DEBUG=1",
					"$(inherited)",
				);
				GCC_WARN_64_TO_32_BIT_CONVERSION = YES;
				GCC_WARN_ABOUT_RETURN_TYPE = YES_ERROR;
				GCC_WARN_UNDECLARED_SELECTOR = YES;
				GCC_WARN_UNINITIALIZED_AUTOS = YES_AGGRESSIVE;
				GCC_WARN_UNUSED_FUNCTION = YES;
				GCC_WARN_UNUSED_VARIABLE = YES;
				IPHONEOS_DEPLOYMENT_TARGET = 16.2;
				MTL_ENABLE_DEBUG_INFO = INCLUDE_SOURCE;
				MTL_FAST_MATH = YES;
				ONLY_ACTIVE_ARCH = YES;
				SDKROOT = iphoneos;
				SWIFT_ACTIVE_COMPILATION_CONDITIONS = DEBUG;
				SWIFT_OPTIMIZATION_LEVEL = "-Onone";
			};
			name = Debug;
		};
		D42B13FC29FC454A0019737D /* Release */ = {
			isa = XCBuildConfiguration;
			buildSettings = {
				ALWAYS_SEARCH_USER_PATHS = NO;
				CLANG_ANALYZER_NONNULL = YES;
				CLANG_ANALYZER_NUMBER_OBJECT_CONVERSION = YES_AGGRESSIVE;
				CLANG_CXX_LANGUAGE_STANDARD = "gnu++20";
				CLANG_ENABLE_MODULES = YES;
				CLANG_ENABLE_OBJC_ARC = YES;
				CLANG_ENABLE_OBJC_WEAK = YES;
				CLANG_WARN_BLOCK_CAPTURE_AUTORELEASING = YES;
				CLANG_WARN_BOOL_CONVERSION = YES;
				CLANG_WARN_COMMA = YES;
				CLANG_WARN_CONSTANT_CONVERSION = YES;
				CLANG_WARN_DEPRECATED_OBJC_IMPLEMENTATIONS = YES;
				CLANG_WARN_DIRECT_OBJC_ISA_USAGE = YES_ERROR;
				CLANG_WARN_DOCUMENTATION_COMMENTS = YES;
				CLANG_WARN_EMPTY_BODY = YES;
				CLANG_WARN_ENUM_CONVERSION = YES;
				CLANG_WARN_INFINITE_RECURSION = YES;
				CLANG_WARN_INT_CONVERSION = YES;
				CLANG_WARN_NON_LITERAL_NULL_CONVERSION = YES;
				CLANG_WARN_OBJC_IMPLICIT_RETAIN_SELF = YES;
				CLANG_WARN_OBJC_LITERAL_CONVERSION = YES;
				CLANG_WARN_OBJC_ROOT_CLASS = YES_ERROR;
				CLANG_WARN_QUOTED_INCLUDE_IN_FRAMEWORK_HEADER = YES;
				CLANG_WARN_RANGE_LOOP_ANALYSIS = YES;
				CLANG_WARN_STRICT_PROTOTYPES = YES;
				CLANG_WARN_SUSPICIOUS_MOVE = YES;
				CLANG_WARN_UNGUARDED_AVAILABILITY = YES_AGGRESSIVE;
				CLANG_WARN_UNREACHABLE_CODE = YES;
				CLANG_WARN__DUPLICATE_METHOD_MATCH = YES;
				COPY_PHASE_STRIP = NO;
				DEBUG_INFORMATION_FORMAT = "dwarf-with-dsym";
				ENABLE_NS_ASSERTIONS = NO;
				ENABLE_STRICT_OBJC_MSGSEND = YES;
				GCC_C_LANGUAGE_STANDARD = gnu11;
				GCC_NO_COMMON_BLOCKS = YES;
				GCC_WARN_64_TO_32_BIT_CONVERSION = YES;
				GCC_WARN_ABOUT_RETURN_TYPE = YES_ERROR;
				GCC_WARN_UNDECLARED_SELECTOR = YES;
				GCC_WARN_UNINITIALIZED_AUTOS = YES_AGGRESSIVE;
				GCC_WARN_UNUSED_FUNCTION = YES;
				GCC_WARN_UNUSED_VARIABLE = YES;
				IPHONEOS_DEPLOYMENT_TARGET = 16.2;
				MTL_ENABLE_DEBUG_INFO = NO;
				MTL_FAST_MATH = YES;
				SDKROOT = iphoneos;
				SWIFT_COMPILATION_MODE = wholemodule;
				SWIFT_OPTIMIZATION_LEVEL = "-O";
				VALIDATE_PRODUCT = YES;
			};
			name = Release;
		};
		D42B13FE29FC454A0019737D /* Debug */ = {
			isa = XCBuildConfiguration;
			buildSettings = {
				ASSETCATALOG_COMPILER_APPICON_NAME = AppIcon;
				ASSETCATALOG_COMPILER_GLOBAL_ACCENT_COLOR_NAME = AccentColor;
				CODE_SIGN_IDENTITY = "Apple Development";
				CODE_SIGN_STYLE = Automatic;
				CURRENT_PROJECT_VERSION = 1;
				DEVELOPMENT_TEAM = "";
				GENERATE_INFOPLIST_FILE = YES;
				INFOPLIST_FILE = ImageFeedApp/Info.plist;
				INFOPLIST_KEY_UIApplicationSupportsIndirectInputEvents = YES;
				INFOPLIST_KEY_UILaunchStoryboardName = LaunchScreen;
				INFOPLIST_KEY_UIMainStoryboardFile = Main;
				INFOPLIST_KEY_UISupportedInterfaceOrientations = UIInterfaceOrientationPortrait;
				INFOPLIST_KEY_UISupportedInterfaceOrientations_iPad = "UIInterfaceOrientationLandscapeLeft UIInterfaceOrientationLandscapeRight UIInterfaceOrientationPortrait UIInterfaceOrientationPortraitUpsideDown";
				IPHONEOS_DEPLOYMENT_TARGET = 13.0;
				LD_RUNPATH_SEARCH_PATHS = (
					"$(inherited)",
					"@executable_path/Frameworks",
				);
				MARKETING_VERSION = 1.0;
				PRODUCT_BUNDLE_IDENTIFIER = ru.yandex.practicum.ImageFeedApp;
				PRODUCT_NAME = "$(TARGET_NAME)";
				PROVISIONING_PROFILE_SPECIFIER = "";
				SUPPORTED_PLATFORMS = "iphoneos iphonesimulator";
				SUPPORTS_MACCATALYST = NO;
				SUPPORTS_MAC_DESIGNED_FOR_IPHONE_IPAD = YES;
				SWIFT_EMIT_LOC_STRINGS = YES;
				SWIFT_VERSION = 5.0;
				TARGETED_DEVICE_FAMILY = 1;
			};
			name = Debug;
		};
		D42B13FF29FC454A0019737D /* Release */ = {
			isa = XCBuildConfiguration;
			buildSettings = {
				ASSETCATALOG_COMPILER_APPICON_NAME = AppIcon;
				ASSETCATALOG_COMPILER_GLOBAL_ACCENT_COLOR_NAME = AccentColor;
				CODE_SIGN_IDENTITY = "Apple Development";
				CODE_SIGN_STYLE = Automatic;
				CURRENT_PROJECT_VERSION = 1;
				DEVELOPMENT_TEAM = "";
				GENERATE_INFOPLIST_FILE = YES;
				INFOPLIST_FILE = ImageFeedApp/Info.plist;
				INFOPLIST_KEY_UIApplicationSupportsIndirectInputEvents = YES;
				INFOPLIST_KEY_UILaunchStoryboardName = LaunchScreen;
				INFOPLIST_KEY_UIMainStoryboardFile = Main;
				INFOPLIST_KEY_UISupportedInterfaceOrientations = UIInterfaceOrientationPortrait;
				INFOPLIST_KEY_UISupportedInterfaceOrientations_iPad = "UIInterfaceOrientationLandscapeLeft UIInterfaceOrientationLandscapeRight UIInterfaceOrientationPortrait UIInterfaceOrientationPortraitUpsideDown";
				IPHONEOS_DEPLOYMENT_TARGET = 13.0;
				LD_RUNPATH_SEARCH_PATHS = (
					"$(inherited)",
					"@executable_path/Frameworks",
				);
				MARKETING_VERSION = 1.0;
				PRODUCT_BUNDLE_IDENTIFIER = ru.yandex.practicum.ImageFeedApp;
				PRODUCT_NAME = "$(TARGET_NAME)";
				PROVISIONING_PROFILE_SPECIFIER = "";
				SUPPORTED_PLATFORMS = "iphoneos iphonesimulator";
				SUPPORTS_MACCATALYST = NO;
				SUPPORTS_MAC_DESIGNED_FOR_IPHONE_IPAD = YES;
				SWIFT_EMIT_LOC_STRINGS = YES;
				SWIFT_VERSION = 5.0;
				TARGETED_DEVICE_FAMILY = 1;
			};
			name = Release;
		};
/* End XCBuildConfiguration section */

/* Begin XCConfigurationList section */
		D42B13E429FC45480019737D /* Build configuration list for PBXProject "ImageFeedApp" */ = {
			isa = XCConfigurationList;
			buildConfigurations = (
				D42B13FB29FC454A0019737D /* Debug */,
				D42B13FC29FC454A0019737D /* Release */,
			);
			defaultConfigurationIsVisible = 0;
			defaultConfigurationName = Release;
		};
		D42B13FD29FC454A0019737D /* Build configuration list for PBXNativeTarget "ImageFeedApp" */ = {
			isa = XCConfigurationList;
			buildConfigurations = (
				D42B13FE29FC454A0019737D /* Debug */,
				D42B13FF29FC454A0019737D /* Release */,
			);
			defaultConfigurationIsVisible = 0;
			defaultConfigurationName = Release;
		};
/* End XCConfigurationList section */

/* Begin XCRemoteSwiftPackageReference section */
		D4DEB12F2AB7B45B00603596 /* XCRemoteSwiftPackageReference "ProgressHUD" */ = {
			isa = XCRemoteSwiftPackageReference;
			repositoryURL = "https://github.com/relatedcode/ProgressHUD";
			requirement = {
				kind = upToNextMajorVersion;
				minimumVersion = 13.0.0;
			};
		};
		D4EB97E22AD727FA00F91D39 /* XCRemoteSwiftPackageReference "Kingfisher" */ = {
			isa = XCRemoteSwiftPackageReference;
			repositoryURL = "https://github.com/onevcat/Kingfisher";
			requirement = {
				kind = upToNextMajorVersion;
				minimumVersion = 7.0.0;
			};
		};
		D4EB97E52ADC494300F91D39 /* XCRemoteSwiftPackageReference "SwiftKeychainWrapper" */ = {
			isa = XCRemoteSwiftPackageReference;
			repositoryURL = "https://github.com/jrendel/SwiftKeychainWrapper";
			requirement = {
				kind = upToNextMajorVersion;
				minimumVersion = 4.0.0;
			};
		};
/* End XCRemoteSwiftPackageReference section */

/* Begin XCSwiftPackageProductDependency section */
		D4DEB1302AB7B45B00603596 /* ProgressHUD */ = {
			isa = XCSwiftPackageProductDependency;
			package = D4DEB12F2AB7B45B00603596 /* XCRemoteSwiftPackageReference "ProgressHUD" */;
			productName = ProgressHUD;
		};
		D4EB97E32AD727FA00F91D39 /* Kingfisher */ = {
			isa = XCSwiftPackageProductDependency;
			package = D4EB97E22AD727FA00F91D39 /* XCRemoteSwiftPackageReference "Kingfisher" */;
			productName = Kingfisher;
		};
		D4EB97E62ADC494300F91D39 /* SwiftKeychainWrapper */ = {
			isa = XCSwiftPackageProductDependency;
			package = D4EB97E52ADC494300F91D39 /* XCRemoteSwiftPackageReference "SwiftKeychainWrapper" */;
			productName = SwiftKeychainWrapper;
		};
/* End XCSwiftPackageProductDependency section */
	};
	rootObject = D42B13E129FC45480019737D /* Project object */;
}
